
Microsoft Visual Studio Solution File, Format Version 12.00
# Visual Studio 15
VisualStudioVersion = 15.0.27130.2003
MinimumVisualStudioVersion = 10.0.40219.1
Project("{FAE04EC0-301F-11D3-BF4B-00C04F79EFBC}") = "Vidly", "Vidly\Vidly.csproj", "{8E662762-8335-4AB3-9908-3B6DB8D4DCF5}"
EndProject
Project("{FAE04EC0-301F-11D3-BF4B-00C04F79EFBC}") = "Vidly.Tests", "Vidly.Tests\Vidly.Tests.csproj", "{DCA083ED-A65A-4CDF-884E-9DA1AE9CF46F}"
EndProject
Global
	GlobalSection(SolutionConfigurationPlatforms) = preSolution
		Debug|Any CPU = Debug|Any CPU
		Release|Any CPU = Release|Any CPU
	EndGlobalSection
	GlobalSection(ProjectConfigurationPlatforms) = postSolution
		{8E662762-8335-4AB3-9908-3B6DB8D4DCF5}.Debug|Any CPU.ActiveCfg = Debug|Any CPU
		{8E662762-8335-4AB3-9908-3B6DB8D4DCF5}.Debug|Any CPU.Build.0 = Debug|Any CPU
		{8E662762-8335-4AB3-9908-3B6DB8D4DCF5}.Release|Any CPU.ActiveCfg = Release|Any CPU
		{8E662762-8335-4AB3-9908-3B6DB8D4DCF5}.Release|Any CPU.Build.0 = Release|Any CPU
		{DCA083ED-A65A-4CDF-884E-9DA1AE9CF46F}.Debug|Any CPU.ActiveCfg = Debug|Any CPU
		{DCA083ED-A65A-4CDF-884E-9DA1AE9CF46F}.Debug|Any CPU.Build.0 = Debug|Any CPU
		{DCA083ED-A65A-4CDF-884E-9DA1AE9CF46F}.Release|Any CPU.ActiveCfg = Release|Any CPU
		{DCA083ED-A65A-4CDF-884E-9DA1AE9CF46F}.Release|Any CPU.Build.0 = Release|Any CPU
	EndGlobalSection
	GlobalSection(SolutionProperties) = preSolution
		HideSolutionNode = FALSE
	EndGlobalSection
	GlobalSection(ExtensibilityGlobals) = postSolution
		SolutionGuid = {86AE98D5-8F35-44C3-AB2C-F2B62FFBFC83}
	EndGlobalSection
EndGlobal
